
Microsoft Visual Studio Solution File, Format Version 11.00
# Visual Studio 2010
Project("{8BC9CEB8-8B4A-11D0-8D11-00A0C91BC942}") = "ChatApplciation", "ChatApplciation\ChatApplciation.vcxproj", "{077F331F-1398-4950-93D4-9BDBCDBD3AA7}"
EndProject
Project("{8BC9CEB8-8B4A-11D0-8D11-00A0C91BC942}") = "ChatApplciationServer", "ChatApplciationServer\ChatApplciationServer.vcxproj", "{BB7999BD-16E8-4DBC-97A3-30D84D7F28D7}"
EndProject
Global
	GlobalSection(SolutionConfigurationPlatforms) = preSolution
		Debug|Win32 = Debug|Win32
		Release|Win32 = Release|Win32
	EndGlobalSection
	GlobalSection(ProjectConfigurationPlatforms) = postSolution
		{077F331F-1398-4950-93D4-9BDBCDBD3AA7}.Debug|Win32.ActiveCfg = Debug|Win32
		{077F331F-1398-4950-93D4-9BDBCDBD3AA7}.Debug|Win32.Build.0 = Debug|Win32
		{077F331F-1398-4950-93D4-9BDBCDBD3AA7}.Release|Win32.ActiveCfg = Release|Win32
		{077F331F-1398-4950-93D4-9BDBCDBD3AA7}.Release|Win32.Build.0 = Release|Win32
		{BB7999BD-16E8-4DBC-97A3-30D84D7F28D7}.Debug|Win32.ActiveCfg = Debug|Win32
		{BB7999BD-16E8-4DBC-97A3-30D84D7F28D7}.Debug|Win32.Build.0 = Debug|Win32
		{BB7999BD-16E8-4DBC-97A3-30D84D7F28D7}.Release|Win32.ActiveCfg = Release|Win32
		{BB7999BD-16E8-4DBC-97A3-30D84D7F28D7}.Release|Win32.Build.0 = Release|Win32
	EndGlobalSection
	GlobalSection(SolutionProperties) = preSolution
		HideSolutionNode = FALSE
	EndGlobalSection
EndGlobal
